
Microsoft Visual Studio Solution File, Format Version 12.00
# Visual Studio Version 17
VisualStudioVersion = 17.14.36603.0 d17.14
MinimumVisualStudioVersion = 10.0.40219.1
Project("{8BC9CEB8-8B4A-11D0-8D11-00A0C91BC942}") = "auth3b_console", "auth3b_console\auth3b_console.vcxproj", "{6DBE103A-3EB0-41C2-B15D-1133DE485AD2}"
EndProject
Global
	GlobalSection(SolutionConfigurationPlatforms) = preSolution
		Debug|x64 = Debug|x64
		Debug|x86 = Debug|x86
		Release|x64 = Release|x64
		Release|x86 = Release|x86
	EndGlobalSection
	GlobalSection(ProjectConfigurationPlatforms) = postSolution
		{6DBE103A-3EB0-41C2-B15D-1133DE485AD2}.Debug|x64.ActiveCfg = Debug|x64
		{6DBE103A-3EB0-41C2-B15D-1133DE485AD2}.Debug|x64.Build.0 = Debug|x64
		{6DBE103A-3EB0-41C2-B15D-1133DE485AD2}.Debug|x86.ActiveCfg = Debug|Win32
		{6DBE103A-3EB0-41C2-B15D-1133DE485AD2}.Debug|x86.Build.0 = Debug|Win32
		{6DBE103A-3EB0-41C2-B15D-1133DE485AD2}.Release|x64.ActiveCfg = Release|x64
		{6DBE103A-3EB0-41C2-B15D-1133DE485AD2}.Release|x64.Build.0 = Release|x64
		{6DBE103A-3EB0-41C2-B15D-1133DE485AD2}.Release|x86.ActiveCfg = Release|Win32
		{6DBE103A-3EB0-41C2-B15D-1133DE485AD2}.Release|x86.Build.0 = Release|Win32
	EndGlobalSection
	GlobalSection(SolutionProperties) = preSolution
		HideSolutionNode = FALSE
	EndGlobalSection
	GlobalSection(ExtensibilityGlobals) = postSolution
		SolutionGuid = {67549EE1-84C3-4C39-B911-4822CC74B5F3}
	EndGlobalSection
EndGlobal
